// !$*UTF8*$!
{
	archiveVersion = 1;
	classes = {
	};
	objectVersion = 50;
	objects = {

/* Begin PBXBuildFile section */
		6FA239D820FA69D100FDEEEC /* AppDelegate.swift in Sources */ = {isa = PBXBuildFile; fileRef = 6FA239D720FA69D100FDEEEC /* AppDelegate.swift */; };
		6FA239E020FA69D100FDEEEC /* TodoApp.xcdatamodeld in Sources */ = {isa = PBXBuildFile; fileRef = 6FA239DE20FA69D100FDEEEC /* TodoApp.xcdatamodeld */; };
		6FA239E220FA69D100FDEEEC /* Assets.xcassets in Resources */ = {isa = PBXBuildFile; fileRef = 6FA239E120FA69D100FDEEEC /* Assets.xcassets */; };
		6FA239EF20FA711600FDEEEC /* BaseScreenController.swift in Sources */ = {isa = PBXBuildFile; fileRef = 6FA239EE20FA711600FDEEEC /* BaseScreenController.swift */; };
		6FA239F120FA718300FDEEEC /* BaseScreenNavigationController.swift in Sources */ = {isa = PBXBuildFile; fileRef = 6FA239F020FA718300FDEEEC /* BaseScreenNavigationController.swift */; };
		6FA239F420FA720F00FDEEEC /* TodoBaseController.swift in Sources */ = {isa = PBXBuildFile; fileRef = 6FA239F320FA720F00FDEEEC /* TodoBaseController.swift */; };
		6FA239F920FA726600FDEEEC /* TodoNavigationController.swift in Sources */ = {isa = PBXBuildFile; fileRef = 6FA239F820FA726600FDEEEC /* TodoNavigationController.swift */; };
		6FA239FC20FA72B000FDEEEC /* TodoListController.swift in Sources */ = {isa = PBXBuildFile; fileRef = 6FA239FA20FA72B000FDEEEC /* TodoListController.swift */; };
		6FA239FD20FA72B000FDEEEC /* TodoListController.xib in Resources */ = {isa = PBXBuildFile; fileRef = 6FA239FB20FA72B000FDEEEC /* TodoListController.xib */; };
		6FA23A1120FA7C7200FDEEEC /* Priority+CoreDataClass.swift in Sources */ = {isa = PBXBuildFile; fileRef = 6FA23A0B20FA7C7200FDEEEC /* Priority+CoreDataClass.swift */; };
		6FA23A1220FA7C7200FDEEEC /* Priority+CoreDataProperties.swift in Sources */ = {isa = PBXBuildFile; fileRef = 6FA23A0C20FA7C7200FDEEEC /* Priority+CoreDataProperties.swift */; };
		6FA23A1320FA7C7200FDEEEC /* Todo+CoreDataClass.swift in Sources */ = {isa = PBXBuildFile; fileRef = 6FA23A0D20FA7C7200FDEEEC /* Todo+CoreDataClass.swift */; };
		6FA23A1420FA7C7200FDEEEC /* Todo+CoreDataProperties.swift in Sources */ = {isa = PBXBuildFile; fileRef = 6FA23A0E20FA7C7200FDEEEC /* Todo+CoreDataProperties.swift */; };
		6FA23A1520FA7C7200FDEEEC /* Person+CoreDataClass.swift in Sources */ = {isa = PBXBuildFile; fileRef = 6FA23A0F20FA7C7200FDEEEC /* Person+CoreDataClass.swift */; };
		6FA23A1620FA7C7200FDEEEC /* Person+CoreDataProperties.swift in Sources */ = {isa = PBXBuildFile; fileRef = 6FA23A1020FA7C7200FDEEEC /* Person+CoreDataProperties.swift */; };
		6FA23A1920FA7D8600FDEEEC /* NSObject+Extension.swift in Sources */ = {isa = PBXBuildFile; fileRef = 6FA23A1820FA7D8600FDEEEC /* NSObject+Extension.swift */; };
		6FA23A1C20FA856F00FDEEEC /* Launch Screen.storyboard in Resources */ = {isa = PBXBuildFile; fileRef = 6FA23A1B20FA856F00FDEEEC /* Launch Screen.storyboard */; };
		6FA23A1E20FA860100FDEEEC /* TodoListPresenter.swift in Sources */ = {isa = PBXBuildFile; fileRef = 6FA23A1D20FA860100FDEEEC /* TodoListPresenter.swift */; };
		6FA23A2020FA879A00FDEEEC /* TodoListConfigurator.swift in Sources */ = {isa = PBXBuildFile; fileRef = 6FA23A1F20FA879A00FDEEEC /* TodoListConfigurator.swift */; };
/* End PBXBuildFile section */

/* Begin PBXFileReference section */
		6FA239D420FA69D100FDEEEC /* TodoApp.app */ = {isa = PBXFileReference; explicitFileType = wrapper.application; includeInIndex = 0; path = TodoApp.app; sourceTree = BUILT_PRODUCTS_DIR; };
		6FA239D720FA69D100FDEEEC /* AppDelegate.swift */ = {isa = PBXFileReference; lastKnownFileType = sourcecode.swift; path = AppDelegate.swift; sourceTree = "<group>"; };
		6FA239DF20FA69D100FDEEEC /* TodoApp.xcdatamodel */ = {isa = PBXFileReference; lastKnownFileType = wrapper.xcdatamodel; path = TodoApp.xcdatamodel; sourceTree = "<group>"; };
		6FA239E120FA69D100FDEEEC /* Assets.xcassets */ = {isa = PBXFileReference; lastKnownFileType = folder.assetcatalog; path = Assets.xcassets; sourceTree = "<group>"; };
		6FA239E620FA69D100FDEEEC /* Info.plist */ = {isa = PBXFileReference; lastKnownFileType = text.plist.xml; path = Info.plist; sourceTree = "<group>"; };
		6FA239EE20FA711600FDEEEC /* BaseScreenController.swift */ = {isa = PBXFileReference; lastKnownFileType = sourcecode.swift; path = BaseScreenController.swift; sourceTree = "<group>"; };
		6FA239F020FA718300FDEEEC /* BaseScreenNavigationController.swift */ = {isa = PBXFileReference; lastKnownFileType = sourcecode.swift; path = BaseScreenNavigationController.swift; sourceTree = "<group>"; };
		6FA239F320FA720F00FDEEEC /* TodoBaseController.swift */ = {isa = PBXFileReference; lastKnownFileType = sourcecode.swift; path = TodoBaseController.swift; sourceTree = "<group>"; };
		6FA239F820FA726600FDEEEC /* TodoNavigationController.swift */ = {isa = PBXFileReference; lastKnownFileType = sourcecode.swift; path = TodoNavigationController.swift; sourceTree = "<group>"; };
		6FA239FA20FA72B000FDEEEC /* TodoListController.swift */ = {isa = PBXFileReference; lastKnownFileType = sourcecode.swift; path = TodoListController.swift; sourceTree = "<group>"; };
		6FA239FB20FA72B000FDEEEC /* TodoListController.xib */ = {isa = PBXFileReference; lastKnownFileType = file.xib; path = TodoListController.xib; sourceTree = "<group>"; };
		6FA23A0B20FA7C7200FDEEEC /* Priority+CoreDataClass.swift */ = {isa = PBXFileReference; lastKnownFileType = sourcecode.swift; path = "Priority+CoreDataClass.swift"; sourceTree = "<group>"; };
		6FA23A0C20FA7C7200FDEEEC /* Priority+CoreDataProperties.swift */ = {isa = PBXFileReference; lastKnownFileType = sourcecode.swift; path = "Priority+CoreDataProperties.swift"; sourceTree = "<group>"; };
		6FA23A0D20FA7C7200FDEEEC /* Todo+CoreDataClass.swift */ = {isa = PBXFileReference; lastKnownFileType = sourcecode.swift; path = "Todo+CoreDataClass.swift"; sourceTree = "<group>"; };
		6FA23A0E20FA7C7200FDEEEC /* Todo+CoreDataProperties.swift */ = {isa = PBXFileReference; lastKnownFileType = sourcecode.swift; path = "Todo+CoreDataProperties.swift"; sourceTree = "<group>"; };
		6FA23A0F20FA7C7200FDEEEC /* Person+CoreDataClass.swift */ = {isa = PBXFileReference; lastKnownFileType = sourcecode.swift; path = "Person+CoreDataClass.swift"; sourceTree = "<group>"; };
		6FA23A1020FA7C7200FDEEEC /* Person+CoreDataProperties.swift */ = {isa = PBXFileReference; lastKnownFileType = sourcecode.swift; path = "Person+CoreDataProperties.swift"; sourceTree = "<group>"; };
		6FA23A1820FA7D8600FDEEEC /* NSObject+Extension.swift */ = {isa = PBXFileReference; lastKnownFileType = sourcecode.swift; path = "NSObject+Extension.swift"; sourceTree = "<group>"; };
		6FA23A1B20FA856F00FDEEEC /* Launch Screen.storyboard */ = {isa = PBXFileReference; lastKnownFileType = file.storyboard; path = "Launch Screen.storyboard"; sourceTree = "<group>"; };
		6FA23A1D20FA860100FDEEEC /* TodoListPresenter.swift */ = {isa = PBXFileReference; lastKnownFileType = sourcecode.swift; path = TodoListPresenter.swift; sourceTree = "<group>"; };
		6FA23A1F20FA879A00FDEEEC /* TodoListConfigurator.swift */ = {isa = PBXFileReference; lastKnownFileType = sourcecode.swift; path = TodoListConfigurator.swift; sourceTree = "<group>"; };
/* End PBXFileReference section */

/* Begin PBXFrameworksBuildPhase section */
		6FA239D120FA69D100FDEEEC /* Frameworks */ = {
			isa = PBXFrameworksBuildPhase;
			buildActionMask = 2147483647;
			files = (
			);
			runOnlyForDeploymentPostprocessing = 0;
		};
/* End PBXFrameworksBuildPhase section */

/* Begin PBXGroup section */
		6FA239CB20FA69D100FDEEEC = {
			isa = PBXGroup;
			children = (
				6FA239D620FA69D100FDEEEC /* TodoApp */,
				6FA239D520FA69D100FDEEEC /* Products */,
			);
			sourceTree = "<group>";
		};
		6FA239D520FA69D100FDEEEC /* Products */ = {
			isa = PBXGroup;
			children = (
				6FA239D420FA69D100FDEEEC /* TodoApp.app */,
			);
			name = Products;
			sourceTree = "<group>";
		};
		6FA239D620FA69D100FDEEEC /* TodoApp */ = {
			isa = PBXGroup;
			children = (
				6FA23A1720FA7D3F00FDEEEC /* Common */,
				6FA239EC20FA70E800FDEEEC /* Screens */,
				6FA239D720FA69D100FDEEEC /* AppDelegate.swift */,
				6FA23A1B20FA856F00FDEEEC /* Launch Screen.storyboard */,
				6FA239E120FA69D100FDEEEC /* Assets.xcassets */,
				6FA239E620FA69D100FDEEEC /* Info.plist */,
				6FA239DE20FA69D100FDEEEC /* TodoApp.xcdatamodeld */,
			);
			path = TodoApp;
			sourceTree = "<group>";
		};
		6FA239EC20FA70E800FDEEEC /* Screens */ = {
			isa = PBXGroup;
			children = (
				6FA239F220FA718E00FDEEEC /* Todo */,
				6FA239ED20FA70FB00FDEEEC /* Base */,
			);
			path = Screens;
			sourceTree = "<group>";
		};
		6FA239ED20FA70FB00FDEEEC /* Base */ = {
			isa = PBXGroup;
			children = (
				6FA239EE20FA711600FDEEEC /* BaseScreenController.swift */,
				6FA239F020FA718300FDEEEC /* BaseScreenNavigationController.swift */,
			);
			path = Base;
			sourceTree = "<group>";
		};
		6FA239F220FA718E00FDEEEC /* Todo */ = {
			isa = PBXGroup;
			children = (
				6FA239FE20FA772300FDEEEC /* Domain */,
				6FA239F620FA722D00FDEEEC /* Detail */,
				6FA239F520FA722400FDEEEC /* List */,
				6FA239F320FA720F00FDEEEC /* TodoBaseController.swift */,
				6FA239F820FA726600FDEEEC /* TodoNavigationController.swift */,
			);
			path = Todo;
			sourceTree = "<group>";
		};
		6FA239F520FA722400FDEEEC /* List */ = {
			isa = PBXGroup;
			children = (
				6FA239FA20FA72B000FDEEEC /* TodoListController.swift */,
				6FA239FB20FA72B000FDEEEC /* TodoListController.xib */,
				6FA23A1D20FA860100FDEEEC /* TodoListPresenter.swift */,
				6FA23A1F20FA879A00FDEEEC /* TodoListConfigurator.swift */,
			);
			path = List;
			sourceTree = "<group>";
		};
		6FA239F620FA722D00FDEEEC /* Detail */ = {
			isa = PBXGroup;
			children = (
			);
			path = Detail;
			sourceTree = "<group>";
		};
		6FA239FE20FA772300FDEEEC /* Domain */ = {
			isa = PBXGroup;
			children = (
				6FA23A0B20FA7C7200FDEEEC /* Priority+CoreDataClass.swift */,
				6FA23A0C20FA7C7200FDEEEC /* Priority+CoreDataProperties.swift */,
				6FA23A0D20FA7C7200FDEEEC /* Todo+CoreDataClass.swift */,
				6FA23A0E20FA7C7200FDEEEC /* Todo+CoreDataProperties.swift */,
				6FA23A0F20FA7C7200FDEEEC /* Person+CoreDataClass.swift */,
				6FA23A1020FA7C7200FDEEEC /* Person+CoreDataProperties.swift */,
			);
			path = Domain;
			sourceTree = "<group>";
		};
		6FA23A1720FA7D3F00FDEEEC /* Common */ = {
			isa = PBXGroup;
			children = (
				6FA23A1820FA7D8600FDEEEC /* NSObject+Extension.swift */,
			);
			path = Common;
			sourceTree = "<group>";
		};
/* End PBXGroup section */

/* Begin PBXNativeTarget section */
		6FA239D320FA69D100FDEEEC /* TodoApp */ = {
			isa = PBXNativeTarget;
			buildConfigurationList = 6FA239E920FA69D100FDEEEC /* Build configuration list for PBXNativeTarget "TodoApp" */;
			buildPhases = (
				6FA239D020FA69D100FDEEEC /* Sources */,
				6FA239D120FA69D100FDEEEC /* Frameworks */,
				6FA239D220FA69D100FDEEEC /* Resources */,
			);
			buildRules = (
			);
			dependencies = (
			);
			name = TodoApp;
			productName = TodoApp;
			productReference = 6FA239D420FA69D100FDEEEC /* TodoApp.app */;
			productType = "com.apple.product-type.application";
		};
/* End PBXNativeTarget section */

/* Begin PBXProject section */
		6FA239CC20FA69D100FDEEEC /* Project object */ = {
			isa = PBXProject;
			attributes = {
				LastSwiftUpdateCheck = 0940;
				LastUpgradeCheck = 0940;
				ORGANIZATIONNAME = "Mariusz Sut";
				TargetAttributes = {
					6FA239D320FA69D100FDEEEC = {
						CreatedOnToolsVersion = 9.4.1;
					};
				};
			};
			buildConfigurationList = 6FA239CF20FA69D100FDEEEC /* Build configuration list for PBXProject "TodoApp" */;
			compatibilityVersion = "Xcode 9.3";
			developmentRegion = en;
			hasScannedForEncodings = 0;
			knownRegions = (
				en,
				Base,
			);
			mainGroup = 6FA239CB20FA69D100FDEEEC;
			productRefGroup = 6FA239D520FA69D100FDEEEC /* Products */;
			projectDirPath = "";
			projectRoot = "";
			targets = (
				6FA239D320FA69D100FDEEEC /* TodoApp */,
			);
		};
/* End PBXProject section */

/* Begin PBXResourcesBuildPhase section */
		6FA239D220FA69D100FDEEEC /* Resources */ = {
			isa = PBXResourcesBuildPhase;
			buildActionMask = 2147483647;
			files = (
				6FA23A1C20FA856F00FDEEEC /* Launch Screen.storyboard in Resources */,
				6FA239FD20FA72B000FDEEEC /* TodoListController.xib in Resources */,
				6FA239E220FA69D100FDEEEC /* Assets.xcassets in Resources */,
			);
			runOnlyForDeploymentPostprocessing = 0;
		};
/* End PBXResourcesBuildPhase section */

/* Begin PBXSourcesBuildPhase section */
		6FA239D020FA69D100FDEEEC /* Sources */ = {
			isa = PBXSourcesBuildPhase;
			buildActionMask = 2147483647;
			files = (
				6FA23A1620FA7C7200FDEEEC /* Person+CoreDataProperties.swift in Sources */,
				6FA239F120FA718300FDEEEC /* BaseScreenNavigationController.swift in Sources */,
				6FA239FC20FA72B000FDEEEC /* TodoListController.swift in Sources */,
				6FA239EF20FA711600FDEEEC /* BaseScreenController.swift in Sources */,
				6FA23A1320FA7C7200FDEEEC /* Todo+CoreDataClass.swift in Sources */,
				6FA23A1920FA7D8600FDEEEC /* NSObject+Extension.swift in Sources */,
				6FA239F920FA726600FDEEEC /* TodoNavigationController.swift in Sources */,
				6FA23A1420FA7C7200FDEEEC /* Todo+CoreDataProperties.swift in Sources */,
				6FA23A1220FA7C7200FDEEEC /* Priority+CoreDataProperties.swift in Sources */,
				6FA23A1120FA7C7200FDEEEC /* Priority+CoreDataClass.swift in Sources */,
				6FA23A2020FA879A00FDEEEC /* TodoListConfigurator.swift in Sources */,
				6FA239E020FA69D100FDEEEC /* TodoApp.xcdatamodeld in Sources */,
				6FA23A1520FA7C7200FDEEEC /* Person+CoreDataClass.swift in Sources */,
				6FA23A1E20FA860100FDEEEC /* TodoListPresenter.swift in Sources */,
				6FA239F420FA720F00FDEEEC /* TodoBaseController.swift in Sources */,
				6FA239D820FA69D100FDEEEC /* AppDelegate.swift in Sources */,
			);
			runOnlyForDeploymentPostprocessing = 0;
		};
/* End PBXSourcesBuildPhase section */

/* Begin XCBuildConfiguration section */
		6FA239E720FA69D100FDEEEC /* Debug */ = {
			isa = XCBuildConfiguration;
			buildSettings = {
				ALWAYS_SEARCH_USER_PATHS = NO;
				CLANG_ANALYZER_NONNULL = YES;
				CLANG_ANALYZER_NUMBER_OBJECT_CONVERSION = YES_AGGRESSIVE;
				CLANG_CXX_LANGUAGE_STANDARD = "gnu++14";
				CLANG_CXX_LIBRARY = "libc++";
				CLANG_ENABLE_MODULES = YES;
				CLANG_ENABLE_OBJC_ARC = YES;
				CLANG_ENABLE_OBJC_WEAK = YES;
				CLANG_WARN_BLOCK_CAPTURE_AUTORELEASING = YES;
				CLANG_WARN_BOOL_CONVERSION = YES;
				CLANG_WARN_COMMA = YES;
				CLANG_WARN_CONSTANT_CONVERSION = YES;
				CLANG_WARN_DEPRECATED_OBJC_IMPLEMENTATIONS = YES;
				CLANG_WARN_DIRECT_OBJC_ISA_USAGE = YES_ERROR;
				CLANG_WARN_DOCUMENTATION_COMMENTS = YES;
				CLANG_WARN_EMPTY_BODY = YES;
				CLANG_WARN_ENUM_CONVERSION = YES;
				CLANG_WARN_INFINITE_RECURSION = YES;
				CLANG_WARN_INT_CONVERSION = YES;
				CLANG_WARN_NON_LITERAL_NULL_CONVERSION = YES;
				CLANG_WARN_OBJC_IMPLICIT_RETAIN_SELF = YES;
				CLANG_WARN_OBJC_LITERAL_CONVERSION = YES;
				CLANG_WARN_OBJC_ROOT_CLASS = YES_ERROR;
				CLANG_WARN_RANGE_LOOP_ANALYSIS = YES;
				CLANG_WARN_STRICT_PROTOTYPES = YES;
				CLANG_WARN_SUSPICIOUS_MOVE = YES;
				CLANG_WARN_UNGUARDED_AVAILABILITY = YES_AGGRESSIVE;
				CLANG_WARN_UNREACHABLE_CODE = YES;
				CLANG_WARN__DUPLICATE_METHOD_MATCH = YES;
				CODE_SIGN_IDENTITY = "iPhone Developer";
				COPY_PHASE_STRIP = NO;
				DEBUG_INFORMATION_FORMAT = dwarf;
				ENABLE_STRICT_OBJC_MSGSEND = YES;
				ENABLE_TESTABILITY = YES;
				GCC_C_LANGUAGE_STANDARD = gnu11;
				GCC_DYNAMIC_NO_PIC = NO;
				GCC_NO_COMMON_BLOCKS = YES;
				GCC_OPTIMIZATION_LEVEL = 0;
				GCC_PREPROCESSOR_DEFINITIONS = (
					"DEBUG=1",
					"$(inherited)",
				);
				GCC_WARN_64_TO_32_BIT_CONVERSION = YES;
				GCC_WARN_ABOUT_RETURN_TYPE = YES_ERROR;
				GCC_WARN_UNDECLARED_SELECTOR = YES;
				GCC_WARN_UNINITIALIZED_AUTOS = YES_AGGRESSIVE;
				GCC_WARN_UNUSED_FUNCTION = YES;
				GCC_WARN_UNUSED_VARIABLE = YES;
				IPHONEOS_DEPLOYMENT_TARGET = 11.4;
				MTL_ENABLE_DEBUG_INFO = YES;
				ONLY_ACTIVE_ARCH = YES;
				SDKROOT = iphoneos;
				SWIFT_ACTIVE_COMPILATION_CONDITIONS = DEBUG;
				SWIFT_OPTIMIZATION_LEVEL = "-Onone";
			};
			name = Debug;
		};
		6FA239E820FA69D100FDEEEC /* Release */ = {
			isa = XCBuildConfiguration;
			buildSettings = {
				ALWAYS_SEARCH_USER_PATHS = NO;
				CLANG_ANALYZER_NONNULL = YES;
				CLANG_ANALYZER_NUMBER_OBJECT_CONVERSION = YES_AGGRESSIVE;
				CLANG_CXX_LANGUAGE_STANDARD = "gnu++14";
				CLANG_CXX_LIBRARY = "libc++";
				CLANG_ENABLE_MODULES = YES;
				CLANG_ENABLE_OBJC_ARC = YES;
				CLANG_ENABLE_OBJC_WEAK = YES;
				CLANG_WARN_BLOCK_CAPTURE_AUTORELEASING = YES;
				CLANG_WARN_BOOL_CONVERSION = YES;
				CLANG_WARN_COMMA = YES;
				CLANG_WARN_CONSTANT_CONVERSION = YES;
				CLANG_WARN_DEPRECATED_OBJC_IMPLEMENTATIONS = YES;
				CLANG_WARN_DIRECT_OBJC_ISA_USAGE = YES_ERROR;
				CLANG_WARN_DOCUMENTATION_COMMENTS = YES;
				CLANG_WARN_EMPTY_BODY = YES;
				CLANG_WARN_ENUM_CONVERSION = YES;
				CLANG_WARN_INFINITE_RECURSION = YES;
				CLANG_WARN_INT_CONVERSION = YES;
				CLANG_WARN_NON_LITERAL_NULL_CONVERSION = YES;
				CLANG_WARN_OBJC_IMPLICIT_RETAIN_SELF = YES;
				CLANG_WARN_OBJC_LITERAL_CONVERSION = YES;
				CLANG_WARN_OBJC_ROOT_CLASS = YES_ERROR;
				CLANG_WARN_RANGE_LOOP_ANALYSIS = YES;
				CLANG_WARN_STRICT_PROTOTYPES = YES;
				CLANG_WARN_SUSPICIOUS_MOVE = YES;
				CLANG_WARN_UNGUARDED_AVAILABILITY = YES_AGGRESSIVE;
				CLANG_WARN_UNREACHABLE_CODE = YES;
				CLANG_WARN__DUPLICATE_METHOD_MATCH = YES;
				CODE_SIGN_IDENTITY = "iPhone Developer";
				COPY_PHASE_STRIP = NO;
				DEBUG_INFORMATION_FORMAT = "dwarf-with-dsym";
				ENABLE_NS_ASSERTIONS = NO;
				ENABLE_STRICT_OBJC_MSGSEND = YES;
				GCC_C_LANGUAGE_STANDARD = gnu11;
				GCC_NO_COMMON_BLOCKS = YES;
				GCC_WARN_64_TO_32_BIT_CONVERSION = YES;
				GCC_WARN_ABOUT_RETURN_TYPE = YES_ERROR;
				GCC_WARN_UNDECLARED_SELECTOR = YES;
				GCC_WARN_UNINITIALIZED_AUTOS = YES_AGGRESSIVE;
				GCC_WARN_UNUSED_FUNCTION = YES;
				GCC_WARN_UNUSED_VARIABLE = YES;
				IPHONEOS_DEPLOYMENT_TARGET = 11.4;
				MTL_ENABLE_DEBUG_INFO = NO;
				SDKROOT = iphoneos;
				SWIFT_COMPILATION_MODE = wholemodule;
				SWIFT_OPTIMIZATION_LEVEL = "-O";
				VALIDATE_PRODUCT = YES;
			};
			name = Release;
		};
		6FA239EA20FA69D100FDEEEC /* Debug */ = {
			isa = XCBuildConfiguration;
			buildSettings = {
				ASSETCATALOG_COMPILER_APPICON_NAME = AppIcon;
				CODE_SIGN_STYLE = Automatic;
				DEVELOPMENT_TEAM = F8MY77QSLQ;
				INFOPLIST_FILE = TodoApp/Info.plist;
				LD_RUNPATH_SEARCH_PATHS = (
					"$(inherited)",
					"@executable_path/Frameworks",
				);
				PRODUCT_BUNDLE_IDENTIFIER = com.msut.TodoApp;
				PRODUCT_NAME = "$(TARGET_NAME)";
				SWIFT_VERSION = 4.0;
				TARGETED_DEVICE_FAMILY = "1,2";
			};
			name = Debug;
		};
		6FA239EB20FA69D100FDEEEC /* Release */ = {
			isa = XCBuildConfiguration;
			buildSettings = {
				ASSETCATALOG_COMPILER_APPICON_NAME = AppIcon;
				CODE_SIGN_STYLE = Automatic;
				DEVELOPMENT_TEAM = F8MY77QSLQ;
				INFOPLIST_FILE = TodoApp/Info.plist;
				LD_RUNPATH_SEARCH_PATHS = (
					"$(inherited)",
					"@executable_path/Frameworks",
				);
				PRODUCT_BUNDLE_IDENTIFIER = com.msut.TodoApp;
				PRODUCT_NAME = "$(TARGET_NAME)";
				SWIFT_VERSION = 4.0;
				TARGETED_DEVICE_FAMILY = "1,2";
			};
			name = Release;
		};
/* End XCBuildConfiguration section */

/* Begin XCConfigurationList section */
		6FA239CF20FA69D100FDEEEC /* Build configuration list for PBXProject "TodoApp" */ = {
			isa = XCConfigurationList;
			buildConfigurations = (
				6FA239E720FA69D100FDEEEC /* Debug */,
				6FA239E820FA69D100FDEEEC /* Release */,
			);
			defaultConfigurationIsVisible = 0;
			defaultConfigurationName = Release;
		};
		6FA239E920FA69D100FDEEEC /* Build configuration list for PBXNativeTarget "TodoApp" */ = {
			isa = XCConfigurationList;
			buildConfigurations = (
				6FA239EA20FA69D100FDEEEC /* Debug */,
				6FA239EB20FA69D100FDEEEC /* Release */,
			);
			defaultConfigurationIsVisible = 0;
			defaultConfigurationName = Release;
		};
/* End XCConfigurationList section */

/* Begin XCVersionGroup section */
		6FA239DE20FA69D100FDEEEC /* TodoApp.xcdatamodeld */ = {
			isa = XCVersionGroup;
			children = (
				6FA239DF20FA69D100FDEEEC /* TodoApp.xcdatamodel */,
			);
			currentVersion = 6FA239DF20FA69D100FDEEEC /* TodoApp.xcdatamodel */;
			path = TodoApp.xcdatamodeld;
			sourceTree = "<group>";
			versionGroupType = wrapper.xcdatamodel;
		};
/* End XCVersionGroup section */
	};
	rootObject = 6FA239CC20FA69D100FDEEEC /* Project object */;
}
